
Microsoft Visual Studio Solution File, Format Version 12.00
# Visual Studio 2012
Project("{FAE04EC0-301F-11D3-BF4B-00C04F79EFBC}") = "Delegates", "Delegates\Delegates.csproj", "{0AB80F08-7019-4B22-8F1E-2762D9909CFB}"
EndProject
Global
	GlobalSection(SolutionConfigurationPlatforms) = preSolution
		Debug|Any CPU = Debug|Any CPU
		Release|Any CPU = Release|Any CPU
	EndGlobalSection
	GlobalSection(ProjectConfigurationPlatforms) = postSolution
		{0AB80F08-7019-4B22-8F1E-2762D9909CFB}.Debug|Any CPU.ActiveCfg = Debug|Any CPU
		{0AB80F08-7019-4B22-8F1E-2762D9909CFB}.Debug|Any CPU.Build.0 = Debug|Any CPU
		{0AB80F08-7019-4B22-8F1E-2762D9909CFB}.Release|Any CPU.ActiveCfg = Release|Any CPU
		{0AB80F08-7019-4B22-8F1E-2762D9909CFB}.Release|Any CPU.Build.0 = Release|Any CPU
	EndGlobalSection
	GlobalSection(SolutionProperties) = preSolution
		HideSolutionNode = FALSE
	EndGlobalSection
EndGlobal
